{
    "_readme": [
        "This file locks the dependencies of your project to a known state",
        "Read more about it at https://getcomposer.org/doc/01-basic-usage.md#composer-lock-the-lock-file",
        "This file is @generated automatically"
    ],
    "hash": "2db1c82601b26c3a09387a950ee78587",
    "content-hash": "0911cc83c14d5bfe034bddda897ab275",
    "packages": [
        {
            "name": "nirix/unframework",
            "version": "dev-master",
            "source": {
                "type": "git",
                "url": "https://github.com/nirix/unframework.git",
                "reference": "144335651692e5ee584ef7b7067fabcdbf7cbeec"
            },
            "dist": {
                "type": "zip",
                "url": "https://api.github.com/repos/nirix/unframework/zipball/144335651692e5ee584ef7b7067fabcdbf7cbeec",
                "reference": "144335651692e5ee584ef7b7067fabcdbf7cbeec",
                "shasum": ""
            },
            "require-dev": {
                "filp/whoops": "^1.1"
            },
            "type": "library",
            "autoload": {
                "psr-4": {
                    "Unf\\": "src/"
                }
            },
            "notification-url": "https://packagist.org/downloads/",
            "license": [
                "MIT"
            ],
            "authors": [
                {
                    "name": "Nirix"
                }
            ],
            "description": "Not a framework.",
            "keywords": [
                "routing",
                "templating"
            ],
            "time": "2016-01-09 14:31:07"
        }
    ],
    "packages-dev": [
        {
            "name": "filp/whoops",
            "version": "1.1.10",
            "source": {
                "type": "git",
                "url": "https://github.com/filp/whoops.git",
                "reference": "72538eeb70bbfb11964412a3d098d109efd012f7"
            },
            "dist": {
                "type": "zip",
                "url": "https://api.github.com/repos/filp/whoops/zipball/72538eeb70bbfb11964412a3d098d109efd012f7",
                "reference": "72538eeb70bbfb11964412a3d098d109efd012f7",
                "shasum": ""
            },
            "require": {
                "php": ">=5.3.0"
            },
            "require-dev": {
                "mockery/mockery": "0.9.*"
            },
            "type": "library",
            "extra": {
                "branch-alias": {
                    "dev-master": "1.2-dev"
                }
            },
            "autoload": {
                "psr-0": {
                    "Whoops": "src/"
                },
                "classmap": [
                    "src/deprecated"
                ]
            },
            "notification-url": "https://packagist.org/downloads/",
            "license": [
                "MIT"
            ],
            "authors": [
                {
                    "name": "Filipe Dobreira",
                    "homepage": "https://github.com/filp",
                    "role": "Developer"
                }
            ],
            "description": "php error handling for cool kids",
            "homepage": "https://github.com/filp/whoops",
            "keywords": [
                "error",
                "exception",
                "handling",
                "library",
                "silex-provider",
                "whoops",
                "zf2"
            ],
            "time": "2015-06-29 05:42:04"
        }
    ],
    "aliases": [],
    "minimum-stability": "dev",
    "stability-flags": {
        "nirix/unframework": 20
    },
    "prefer-stable": true,
    "prefer-lowest": false,
    "platform": [],
    "platform-dev": []
}
